
Microsoft Visual Studio Solution File, Format Version 12.00
# Visual Studio Version 17
VisualStudioVersion = 17.13.35828.75
MinimumVisualStudioVersion = 10.0.40219.1
Project("{FAE04EC0-301F-11D3-BF4B-00C04F79EFBC}") = "task02", "task02\task02.csproj", "{021EAEBC-4CBF-4FEC-A6AE-4712C23F15C3}"
EndProject
Project("{FAE04EC0-301F-11D3-BF4B-00C04F79EFBC}") = "task02tests", "task02tests\task02tests.csproj", "{D67A4B53-03F3-4400-BE49-FC9B1D2EEDD7}"
EndProject
Global
	GlobalSection(SolutionConfigurationPlatforms) = preSolution
		Debug|Any CPU = Debug|Any CPU
		Release|Any CPU = Release|Any CPU
	EndGlobalSection
	GlobalSection(ProjectConfigurationPlatforms) = postSolution
		{021EAEBC-4CBF-4FEC-A6AE-4712C23F15C3}.Debug|Any CPU.ActiveCfg = Debug|Any CPU
		{021EAEBC-4CBF-4FEC-A6AE-4712C23F15C3}.Debug|Any CPU.Build.0 = Debug|Any CPU
		{021EAEBC-4CBF-4FEC-A6AE-4712C23F15C3}.Release|Any CPU.ActiveCfg = Release|Any CPU
		{021EAEBC-4CBF-4FEC-A6AE-4712C23F15C3}.Release|Any CPU.Build.0 = Release|Any CPU
		{D67A4B53-03F3-4400-BE49-FC9B1D2EEDD7}.Debug|Any CPU.ActiveCfg = Debug|Any CPU
		{D67A4B53-03F3-4400-BE49-FC9B1D2EEDD7}.Debug|Any CPU.Build.0 = Debug|Any CPU
		{D67A4B53-03F3-4400-BE49-FC9B1D2EEDD7}.Release|Any CPU.ActiveCfg = Release|Any CPU
		{D67A4B53-03F3-4400-BE49-FC9B1D2EEDD7}.Release|Any CPU.Build.0 = Release|Any CPU
	EndGlobalSection
	GlobalSection(SolutionProperties) = preSolution
		HideSolutionNode = FALSE
	EndGlobalSection
	GlobalSection(ExtensibilityGlobals) = postSolution
		SolutionGuid = {4342DD94-565F-4CE7-AE70-9B8BC7A59CCD}
	EndGlobalSection
EndGlobal
